
Microsoft Visual Studio Solution File, Format Version 12.00
# Visual Studio 2012
Project("{FAE04EC0-301F-11D3-BF4B-00C04F79EFBC}") = "SimonSaysGame", "SimonSaysGame\SimonSaysGame.csproj", "{CA5539C6-C449-4D33-BBE3-823B17C0852B}"
EndProject
Project("{FAE04EC0-301F-11D3-BF4B-00C04F79EFBC}") = "SimonSaysGame.iOS", "iOS\SimonSaysGame.iOS.csproj", "{7984877F-55C5-4505-9B43-6D085C0A83A3}"
EndProject
Project("{FAE04EC0-301F-11D3-BF4B-00C04F79EFBC}") = "SimonSaysGame.Droid", "Droid\SimonSaysGame.Droid.csproj", "{1B8C74B6-147B-472E-A961-30D005FB2B1D}"
EndProject
Global
	GlobalSection(SolutionConfigurationPlatforms) = preSolution
		Debug|Any CPU = Debug|Any CPU
		Release|Any CPU = Release|Any CPU
		Debug|iPhoneSimulator = Debug|iPhoneSimulator
		Release|iPhone = Release|iPhone
		Release|iPhoneSimulator = Release|iPhoneSimulator
		Debug|iPhone = Debug|iPhone
	EndGlobalSection
	GlobalSection(ProjectConfigurationPlatforms) = postSolution
		{CA5539C6-C449-4D33-BBE3-823B17C0852B}.Debug|Any CPU.ActiveCfg = Debug|Any CPU
		{CA5539C6-C449-4D33-BBE3-823B17C0852B}.Debug|Any CPU.Build.0 = Debug|Any CPU
		{CA5539C6-C449-4D33-BBE3-823B17C0852B}.Release|Any CPU.ActiveCfg = Release|Any CPU
		{CA5539C6-C449-4D33-BBE3-823B17C0852B}.Release|Any CPU.Build.0 = Release|Any CPU
		{CA5539C6-C449-4D33-BBE3-823B17C0852B}.Debug|iPhoneSimulator.ActiveCfg = Debug|Any CPU
		{CA5539C6-C449-4D33-BBE3-823B17C0852B}.Debug|iPhoneSimulator.Build.0 = Debug|Any CPU
		{CA5539C6-C449-4D33-BBE3-823B17C0852B}.Release|iPhone.ActiveCfg = Release|Any CPU
		{CA5539C6-C449-4D33-BBE3-823B17C0852B}.Release|iPhone.Build.0 = Release|Any CPU
		{CA5539C6-C449-4D33-BBE3-823B17C0852B}.Release|iPhoneSimulator.ActiveCfg = Release|Any CPU
		{CA5539C6-C449-4D33-BBE3-823B17C0852B}.Release|iPhoneSimulator.Build.0 = Release|Any CPU
		{CA5539C6-C449-4D33-BBE3-823B17C0852B}.Debug|iPhone.ActiveCfg = Debug|Any CPU
		{CA5539C6-C449-4D33-BBE3-823B17C0852B}.Debug|iPhone.Build.0 = Debug|Any CPU
		{7984877F-55C5-4505-9B43-6D085C0A83A3}.Debug|Any CPU.ActiveCfg = Debug|iPhoneSimulator
		{7984877F-55C5-4505-9B43-6D085C0A83A3}.Debug|Any CPU.Build.0 = Debug|iPhoneSimulator
		{7984877F-55C5-4505-9B43-6D085C0A83A3}.Release|Any CPU.ActiveCfg = Release|iPhone
		{7984877F-55C5-4505-9B43-6D085C0A83A3}.Release|Any CPU.Build.0 = Release|iPhone
		{7984877F-55C5-4505-9B43-6D085C0A83A3}.Debug|iPhoneSimulator.ActiveCfg = Debug|iPhoneSimulator
		{7984877F-55C5-4505-9B43-6D085C0A83A3}.Debug|iPhoneSimulator.Build.0 = Debug|iPhoneSimulator
		{7984877F-55C5-4505-9B43-6D085C0A83A3}.Release|iPhone.ActiveCfg = Release|iPhone
		{7984877F-55C5-4505-9B43-6D085C0A83A3}.Release|iPhone.Build.0 = Release|iPhone
		{7984877F-55C5-4505-9B43-6D085C0A83A3}.Release|iPhoneSimulator.ActiveCfg = Release|iPhoneSimulator
		{7984877F-55C5-4505-9B43-6D085C0A83A3}.Release|iPhoneSimulator.Build.0 = Release|iPhoneSimulator
		{7984877F-55C5-4505-9B43-6D085C0A83A3}.Debug|iPhone.ActiveCfg = Debug|iPhone
		{7984877F-55C5-4505-9B43-6D085C0A83A3}.Debug|iPhone.Build.0 = Debug|iPhone
		{1B8C74B6-147B-472E-A961-30D005FB2B1D}.Debug|Any CPU.ActiveCfg = Debug|Any CPU
		{1B8C74B6-147B-472E-A961-30D005FB2B1D}.Debug|Any CPU.Build.0 = Debug|Any CPU
		{1B8C74B6-147B-472E-A961-30D005FB2B1D}.Release|Any CPU.ActiveCfg = Release|Any CPU
		{1B8C74B6-147B-472E-A961-30D005FB2B1D}.Release|Any CPU.Build.0 = Release|Any CPU
		{1B8C74B6-147B-472E-A961-30D005FB2B1D}.Debug|iPhoneSimulator.ActiveCfg = Debug|Any CPU
		{1B8C74B6-147B-472E-A961-30D005FB2B1D}.Debug|iPhoneSimulator.Build.0 = Debug|Any CPU
		{1B8C74B6-147B-472E-A961-30D005FB2B1D}.Release|iPhone.ActiveCfg = Release|Any CPU
		{1B8C74B6-147B-472E-A961-30D005FB2B1D}.Release|iPhone.Build.0 = Release|Any CPU
		{1B8C74B6-147B-472E-A961-30D005FB2B1D}.Release|iPhoneSimulator.ActiveCfg = Release|Any CPU
		{1B8C74B6-147B-472E-A961-30D005FB2B1D}.Release|iPhoneSimulator.Build.0 = Release|Any CPU
		{1B8C74B6-147B-472E-A961-30D005FB2B1D}.Debug|iPhone.ActiveCfg = Debug|Any CPU
		{1B8C74B6-147B-472E-A961-30D005FB2B1D}.Debug|iPhone.Build.0 = Debug|Any CPU
	EndGlobalSection
EndGlobal
